// !$*UTF8*$!
{
	archiveVersion = 1;
	classes = {
	};
	objectVersion = 56;
	objects = {

/* Begin PBXBuildFile section */
		A10000000000000000000001 /* DriftApp.swift in Sources */ = {isa = PBXBuildFile; fileRef = A20000000000000000000001 /* DriftApp.swift */; };
		A10000000000000000000002 /* AppModel.swift in Sources */ = {isa = PBXBuildFile; fileRef = A20000000000000000000002 /* AppModel.swift */; };
		A10000000000000000000003 /* Book.swift in Sources */ = {isa = PBXBuildFile; fileRef = A20000000000000000000003 /* Book.swift */; };
		A10000000000000000000004 /* ReadingPosition.swift in Sources */ = {isa = PBXBuildFile; fileRef = A20000000000000000000004 /* ReadingPosition.swift */; };
		A10000000000000000000005 /* ReaderSegment.swift in Sources */ = {isa = PBXBuildFile; fileRef = A20000000000000000000005 /* ReaderSegment.swift */; };
		A10000000000000000000006 /* ReaderTheme.swift in Sources */ = {isa = PBXBuildFile; fileRef = A20000000000000000000006 /* ReaderTheme.swift */; };
		A10000000000000000000007 /* LibraryService.swift in Sources */ = {isa = PBXBuildFile; fileRef = A20000000000000000000007 /* LibraryService.swift */; };
		A10000000000000000000008 /* PDFContentExtractor.swift in Sources */ = {isa = PBXBuildFile; fileRef = A20000000000000000000008 /* PDFContentExtractor.swift */; };
		A10000000000000000000009 /* ReflowPaginator.swift in Sources */ = {isa = PBXBuildFile; fileRef = A20000000000000000000009 /* ReflowPaginator.swift */; };
		A1000000000000000000000A /* ReaderSession.swift in Sources */ = {isa = PBXBuildFile; fileRef = A2000000000000000000000A /* ReaderSession.swift */; };
		A1000000000000000000000B /* RootView.swift in Sources */ = {isa = PBXBuildFile; fileRef = A2000000000000000000000B /* RootView.swift */; };
		A1000000000000000000000C /* LibraryView.swift in Sources */ = {isa = PBXBuildFile; fileRef = A2000000000000000000000C /* LibraryView.swift */; };
		A1000000000000000000000D /* ReaderView.swift in Sources */ = {isa = PBXBuildFile; fileRef = A2000000000000000000000D /* ReaderView.swift */; };
		A1000000000000000000000E /* ReflowTextPage.swift in Sources */ = {isa = PBXBuildFile; fileRef = A2000000000000000000000E /* ReflowTextPage.swift */; };
		A1000000000000000000000F /* FixedPDFPageView.swift in Sources */ = {isa = PBXBuildFile; fileRef = A2000000000000000000000F /* FixedPDFPageView.swift */; };
		A10000000000000000000010 /* Assets.xcassets in Resources */ = {isa = PBXBuildFile; fileRef = A20000000000000000000010 /* Assets.xcassets */; };
		A10000000000000000000011 /* TextNormalizer.swift in Sources */ = {isa = PBXBuildFile; fileRef = A20000000000000000000012 /* TextNormalizer.swift */; };
		A10000000000000000000012 /* ManifestStore.swift in Sources */ = {isa = PBXBuildFile; fileRef = A20000000000000000000013 /* ManifestStore.swift */; };
		A10000000000000000000013 /* PaginationCacheStore.swift in Sources */ = {isa = PBXBuildFile; fileRef = A20000000000000000000014 /* PaginationCacheStore.swift */; };
		A10000000000000000000014 /* OpenDiagnostics.swift in Sources */ = {isa = PBXBuildFile; fileRef = A20000000000000000000015 /* OpenDiagnostics.swift */; };
		A10000000000000000000015 /* BookArtifacts.swift in Sources */ = {isa = PBXBuildFile; fileRef = A20000000000000000000016 /* BookArtifacts.swift */; };
		A10000000000000000000016 /* BookOpenPipeline.swift in Sources */ = {isa = PBXBuildFile; fileRef = A20000000000000000000017 /* BookOpenPipeline.swift */; };
		B10000000000000000000001 /* TextNormalizerTests.swift in Sources */ = {isa = PBXBuildFile; fileRef = B20000000000000000000001 /* TextNormalizerTests.swift */; };
		B10000000000000000000002 /* PDFContentExtractorTests.swift in Sources */ = {isa = PBXBuildFile; fileRef = B20000000000000000000002 /* PDFContentExtractorTests.swift */; };
		B10000000000000000000003 /* ReflowPaginatorTests.swift in Sources */ = {isa = PBXBuildFile; fileRef = B20000000000000000000003 /* ReflowPaginatorTests.swift */; };
/* End PBXBuildFile section */

/* Begin PBXFileReference section */
		A20000000000000000000001 /* DriftApp.swift */ = {isa = PBXFileReference; lastKnownFileType = sourcecode.swift; path = DriftApp.swift; sourceTree = "<group>"; };
		A20000000000000000000002 /* AppModel.swift */ = {isa = PBXFileReference; lastKnownFileType = sourcecode.swift; path = AppModel.swift; sourceTree = "<group>"; };
		A20000000000000000000003 /* Book.swift */ = {isa = PBXFileReference; lastKnownFileType = sourcecode.swift; path = Book.swift; sourceTree = "<group>"; };
		A20000000000000000000004 /* ReadingPosition.swift */ = {isa = PBXFileReference; lastKnownFileType = sourcecode.swift; path = ReadingPosition.swift; sourceTree = "<group>"; };
		A20000000000000000000005 /* ReaderSegment.swift */ = {isa = PBXFileReference; lastKnownFileType = sourcecode.swift; path = ReaderSegment.swift; sourceTree = "<group>"; };
		A20000000000000000000006 /* ReaderTheme.swift */ = {isa = PBXFileReference; lastKnownFileType = sourcecode.swift; path = ReaderTheme.swift; sourceTree = "<group>"; };
		A20000000000000000000007 /* LibraryService.swift */ = {isa = PBXFileReference; lastKnownFileType = sourcecode.swift; path = LibraryService.swift; sourceTree = "<group>"; };
		A20000000000000000000008 /* PDFContentExtractor.swift */ = {isa = PBXFileReference; lastKnownFileType = sourcecode.swift; path = PDFContentExtractor.swift; sourceTree = "<group>"; };
		A20000000000000000000009 /* ReflowPaginator.swift */ = {isa = PBXFileReference; lastKnownFileType = sourcecode.swift; path = ReflowPaginator.swift; sourceTree = "<group>"; };
		A2000000000000000000000A /* ReaderSession.swift */ = {isa = PBXFileReference; lastKnownFileType = sourcecode.swift; path = ReaderSession.swift; sourceTree = "<group>"; };
		A2000000000000000000000B /* RootView.swift */ = {isa = PBXFileReference; lastKnownFileType = sourcecode.swift; path = RootView.swift; sourceTree = "<group>"; };
		A2000000000000000000000C /* LibraryView.swift */ = {isa = PBXFileReference; lastKnownFileType = sourcecode.swift; path = LibraryView.swift; sourceTree = "<group>"; };
		A2000000000000000000000D /* ReaderView.swift */ = {isa = PBXFileReference; lastKnownFileType = sourcecode.swift; path = ReaderView.swift; sourceTree = "<group>"; };
		A2000000000000000000000E /* ReflowTextPage.swift */ = {isa = PBXFileReference; lastKnownFileType = sourcecode.swift; path = ReflowTextPage.swift; sourceTree = "<group>"; };
		A2000000000000000000000F /* FixedPDFPageView.swift */ = {isa = PBXFileReference; lastKnownFileType = sourcecode.swift; path = FixedPDFPageView.swift; sourceTree = "<group>"; };
		A20000000000000000000010 /* Assets.xcassets */ = {isa = PBXFileReference; lastKnownFileType = folder.assetcatalog; path = Assets.xcassets; sourceTree = "<group>"; };
		A20000000000000000000011 /* Info.plist */ = {isa = PBXFileReference; lastKnownFileType = text.plist.xml; path = Info.plist; sourceTree = "<group>"; };
		A20000000000000000000012 /* TextNormalizer.swift */ = {isa = PBXFileReference; lastKnownFileType = sourcecode.swift; path = TextNormalizer.swift; sourceTree = "<group>"; };
		A20000000000000000000013 /* ManifestStore.swift */ = {isa = PBXFileReference; lastKnownFileType = sourcecode.swift; path = ManifestStore.swift; sourceTree = "<group>"; };
		A20000000000000000000014 /* PaginationCacheStore.swift */ = {isa = PBXFileReference; lastKnownFileType = sourcecode.swift; path = PaginationCacheStore.swift; sourceTree = "<group>"; };
		A20000000000000000000015 /* OpenDiagnostics.swift */ = {isa = PBXFileReference; lastKnownFileType = sourcecode.swift; path = OpenDiagnostics.swift; sourceTree = "<group>"; };
		A20000000000000000000016 /* BookArtifacts.swift */ = {isa = PBXFileReference; lastKnownFileType = sourcecode.swift; path = BookArtifacts.swift; sourceTree = "<group>"; };
		A20000000000000000000017 /* BookOpenPipeline.swift */ = {isa = PBXFileReference; lastKnownFileType = sourcecode.swift; path = BookOpenPipeline.swift; sourceTree = "<group>"; };
		A30000000000000000000001 /* Drift.app */ = {isa = PBXFileReference; explicitFileType = wrapper.application; includeInIndex = 0; path = Drift.app; sourceTree = BUILT_PRODUCTS_DIR; };
		A30000000000000000000002 /* DriftTests.xctest */ = {isa = PBXFileReference; explicitFileType = wrapper.cfbundle; includeInIndex = 0; path = DriftTests.xctest; sourceTree = BUILT_PRODUCTS_DIR; };
		B20000000000000000000001 /* TextNormalizerTests.swift */ = {isa = PBXFileReference; lastKnownFileType = sourcecode.swift; path = TextNormalizerTests.swift; sourceTree = "<group>"; };
		B20000000000000000000002 /* PDFContentExtractorTests.swift */ = {isa = PBXFileReference; lastKnownFileType = sourcecode.swift; path = PDFContentExtractorTests.swift; sourceTree = "<group>"; };
		B20000000000000000000003 /* ReflowPaginatorTests.swift */ = {isa = PBXFileReference; lastKnownFileType = sourcecode.swift; path = ReflowPaginatorTests.swift; sourceTree = "<group>"; };
/* End PBXFileReference section */

/* Begin PBXContainerItemProxy section */
		C10000000000000000000001 /* PBXContainerItemProxy */ = {
			isa = PBXContainerItemProxy;
			containerPortal = A90000000000000000000001 /* Project object */;
			proxyType = 1;
			remoteGlobalIDString = A60000000000000000000001;
			remoteInfo = Drift;
		};
/* End PBXContainerItemProxy section */

/* Begin PBXFrameworksBuildPhase section */
		A40000000000000000000001 /* Frameworks */ = {
			isa = PBXFrameworksBuildPhase;
			buildActionMask = 2147483647;
			files = (
			);
			runOnlyForDeploymentPostprocessing = 0;
		};
		A40000000000000000000002 /* Frameworks */ = {
			isa = PBXFrameworksBuildPhase;
			buildActionMask = 2147483647;
			files = (
			);
			runOnlyForDeploymentPostprocessing = 0;
		};
/* End PBXFrameworksBuildPhase section */

/* Begin PBXGroup section */
		A50000000000000000000001 = {
			isa = PBXGroup;
			children = (
				A50000000000000000000002 /* Drift */,
				B50000000000000000000001 /* DriftTests */,
				A50000000000000000000003 /* Products */,
			);
			sourceTree = "<group>";
		};
		B50000000000000000000001 /* DriftTests */ = {
			isa = PBXGroup;
			children = (
				B20000000000000000000001 /* TextNormalizerTests.swift */,
				B20000000000000000000002 /* PDFContentExtractorTests.swift */,
				B20000000000000000000003 /* ReflowPaginatorTests.swift */,
			);
			path = DriftTests;
			sourceTree = "<group>";
		};
		A50000000000000000000002 /* Drift */ = {
			isa = PBXGroup;
			children = (
				A20000000000000000000001 /* DriftApp.swift */,
				A20000000000000000000002 /* AppModel.swift */,
				A50000000000000000000004 /* Models */,
				A50000000000000000000005 /* Theme */,
				A50000000000000000000006 /* Services */,
				A50000000000000000000008 /* Utilities */,
				A50000000000000000000007 /* Views */,
				A20000000000000000000010 /* Assets.xcassets */,
				A20000000000000000000011 /* Info.plist */,
			);
			path = Drift;
			sourceTree = "<group>";
		};
		A50000000000000000000003 /* Products */ = {
			isa = PBXGroup;
			children = (
				A30000000000000000000001 /* Drift.app */,
				A30000000000000000000002 /* DriftTests.xctest */,
			);
			name = Products;
			sourceTree = "<group>";
		};
		A50000000000000000000004 /* Models */ = {
			isa = PBXGroup;
			children = (
				A20000000000000000000003 /* Book.swift */,
				A20000000000000000000004 /* ReadingPosition.swift */,
				A20000000000000000000005 /* ReaderSegment.swift */,
			);
			path = Models;
			sourceTree = "<group>";
		};
		A50000000000000000000005 /* Theme */ = {
			isa = PBXGroup;
			children = (
				A20000000000000000000006 /* ReaderTheme.swift */,
			);
			path = Theme;
			sourceTree = "<group>";
		};
		A50000000000000000000006 /* Services */ = {
			isa = PBXGroup;
			children = (
				A20000000000000000000007 /* LibraryService.swift */,
				A20000000000000000000008 /* PDFContentExtractor.swift */,
				A20000000000000000000009 /* ReflowPaginator.swift */,
				A2000000000000000000000A /* ReaderSession.swift */,
				A20000000000000000000012 /* TextNormalizer.swift */,
				A20000000000000000000013 /* ManifestStore.swift */,
				A20000000000000000000014 /* PaginationCacheStore.swift */,
				A20000000000000000000016 /* BookArtifacts.swift */,
				A20000000000000000000017 /* BookOpenPipeline.swift */,
			);
			path = Services;
			sourceTree = "<group>";
		};
		A50000000000000000000008 /* Utilities */ = {
			isa = PBXGroup;
			children = (
				A20000000000000000000015 /* OpenDiagnostics.swift */,
			);
			path = Utilities;
			sourceTree = "<group>";
		};
		A50000000000000000000007 /* Views */ = {
			isa = PBXGroup;
			children = (
				A2000000000000000000000B /* RootView.swift */,
				A2000000000000000000000C /* LibraryView.swift */,
				A2000000000000000000000D /* ReaderView.swift */,
				A2000000000000000000000E /* ReflowTextPage.swift */,
				A2000000000000000000000F /* FixedPDFPageView.swift */,
			);
			path = Views;
			sourceTree = "<group>";
		};
/* End PBXGroup section */

/* Begin PBXTargetDependency section */
		D10000000000000000000001 /* PBXTargetDependency */ = {
			isa = PBXTargetDependency;
			target = A60000000000000000000001 /* Drift */;
			targetProxy = C10000000000000000000001 /* PBXContainerItemProxy */;
		};
/* End PBXTargetDependency section */

/* Begin PBXNativeTarget section */
		A60000000000000000000001 /* Drift */ = {
			isa = PBXNativeTarget;
			buildConfigurationList = A80000000000000000000003 /* Build configuration list for PBXNativeTarget "Drift" */;
			buildPhases = (
				A70000000000000000000001 /* Sources */,
				A40000000000000000000001 /* Frameworks */,
				A70000000000000000000002 /* Resources */,
			);
			buildRules = (
			);
			dependencies = (
			);
			name = Drift;
			productName = Drift;
			productReference = A30000000000000000000001 /* Drift.app */;
			productType = "com.apple.product-type.application";
		};
		A60000000000000000000002 /* DriftTests */ = {
			isa = PBXNativeTarget;
			buildConfigurationList = A80000000000000000000004 /* Build configuration list for PBXNativeTarget "DriftTests" */;
			buildPhases = (
				A70000000000000000000003 /* Sources */,
				A40000000000000000000002 /* Frameworks */,
			);
			buildRules = (
			);
			dependencies = (
				D10000000000000000000001 /* PBXTargetDependency */,
			);
			name = DriftTests;
			productName = DriftTests;
			productReference = A30000000000000000000002 /* DriftTests.xctest */;
			productType = "com.apple.product-type.bundle.unit-test";
		};
/* End PBXNativeTarget section */

/* Begin PBXProject section */
		A90000000000000000000001 /* Project object */ = {
			isa = PBXProject;
			attributes = {
				BuildIndependentTargetsInParallel = 1;
				LastSwiftUpdateCheck = 2600;
				LastUpgradeCheck = 2600;
				TargetAttributes = {
					A60000000000000000000001 = {
						CreatedOnToolsVersion = 26.0;
					};
					A60000000000000000000002 = {
						CreatedOnToolsVersion = 26.0;
						TestTargetID = A60000000000000000000001;
					};
				};
			};
			buildConfigurationList = A80000000000000000000001 /* Build configuration list for PBXProject "Drift" */;
			compatibilityVersion = "Xcode 14.0";
			developmentRegion = en;
			hasScannedForEncodings = 0;
			knownRegions = (
				en,
				Base,
			);
			mainGroup = A50000000000000000000001;
			productRefGroup = A50000000000000000000003 /* Products */;
			projectDirPath = "";
			projectRoot = "";
			targets = (
				A60000000000000000000001 /* Drift */,
				A60000000000000000000002 /* DriftTests */,
			);
		};
/* End PBXProject section */

/* Begin PBXResourcesBuildPhase section */
		A70000000000000000000002 /* Resources */ = {
			isa = PBXResourcesBuildPhase;
			buildActionMask = 2147483647;
			files = (
				A10000000000000000000010 /* Assets.xcassets in Resources */,
			);
			runOnlyForDeploymentPostprocessing = 0;
		};
/* End PBXResourcesBuildPhase section */

/* Begin PBXSourcesBuildPhase section */
		A70000000000000000000001 /* Sources */ = {
			isa = PBXSourcesBuildPhase;
			buildActionMask = 2147483647;
			files = (
				A10000000000000000000001 /* DriftApp.swift in Sources */,
				A10000000000000000000002 /* AppModel.swift in Sources */,
				A10000000000000000000003 /* Book.swift in Sources */,
				A10000000000000000000004 /* ReadingPosition.swift in Sources */,
				A10000000000000000000005 /* ReaderSegment.swift in Sources */,
				A10000000000000000000006 /* ReaderTheme.swift in Sources */,
				A10000000000000000000007 /* LibraryService.swift in Sources */,
				A10000000000000000000008 /* PDFContentExtractor.swift in Sources */,
				A10000000000000000000009 /* ReflowPaginator.swift in Sources */,
				A1000000000000000000000A /* ReaderSession.swift in Sources */,
				A1000000000000000000000B /* RootView.swift in Sources */,
				A1000000000000000000000C /* LibraryView.swift in Sources */,
				A1000000000000000000000D /* ReaderView.swift in Sources */,
				A1000000000000000000000E /* ReflowTextPage.swift in Sources */,
				A1000000000000000000000F /* FixedPDFPageView.swift in Sources */,
				A10000000000000000000011 /* TextNormalizer.swift in Sources */,
				A10000000000000000000012 /* ManifestStore.swift in Sources */,
				A10000000000000000000013 /* PaginationCacheStore.swift in Sources */,
				A10000000000000000000014 /* OpenDiagnostics.swift in Sources */,
				A10000000000000000000015 /* BookArtifacts.swift in Sources */,
				A10000000000000000000016 /* BookOpenPipeline.swift in Sources */,
			);
			runOnlyForDeploymentPostprocessing = 0;
		};
		A70000000000000000000003 /* Sources */ = {
			isa = PBXSourcesBuildPhase;
			buildActionMask = 2147483647;
			files = (
				B10000000000000000000001 /* TextNormalizerTests.swift in Sources */,
				B10000000000000000000002 /* PDFContentExtractorTests.swift in Sources */,
				B10000000000000000000003 /* ReflowPaginatorTests.swift in Sources */,
			);
			runOnlyForDeploymentPostprocessing = 0;
		};
/* End PBXSourcesBuildPhase section */

/* Begin XCBuildConfiguration section */
		AA0000000000000000000001 /* Debug */ = {
			isa = XCBuildConfiguration;
			buildSettings = {
				ALWAYS_SEARCH_USER_PATHS = NO;
				ASSETCATALOG_COMPILER_GENERATE_SWIFT_ASSET_SYMBOL_EXTENSIONS = YES;
				CLANG_ENABLE_MODULES = YES;
				CLANG_ENABLE_OBJC_ARC = YES;
				COPY_PHASE_STRIP = NO;
				DEBUG_INFORMATION_FORMAT = dwarf;
				ENABLE_TESTABILITY = YES;
				GCC_DYNAMIC_NO_PIC = NO;
				GCC_OPTIMIZATION_LEVEL = 0;
				GCC_PREPROCESSOR_DEFINITIONS = (
					"DEBUG=1",
					"$(inherited)",
				);
				IPHONEOS_DEPLOYMENT_TARGET = 17.0;
				MTL_ENABLE_DEBUG_INFO = INCLUDE_SOURCE;
				ONLY_ACTIVE_ARCH = YES;
				SDKROOT = iphoneos;
				SWIFT_ACTIVE_COMPILATION_CONDITIONS = "DEBUG $(inherited)";
				SWIFT_OPTIMIZATION_LEVEL = "-Onone";
			};
			name = Debug;
		};
		AA0000000000000000000002 /* Release */ = {
			isa = XCBuildConfiguration;
			buildSettings = {
				ALWAYS_SEARCH_USER_PATHS = NO;
				ASSETCATALOG_COMPILER_GENERATE_SWIFT_ASSET_SYMBOL_EXTENSIONS = YES;
				CLANG_ENABLE_MODULES = YES;
				CLANG_ENABLE_OBJC_ARC = YES;
				COPY_PHASE_STRIP = NO;
				DEBUG_INFORMATION_FORMAT = "dwarf-with-dsym";
				IPHONEOS_DEPLOYMENT_TARGET = 17.0;
				MTL_ENABLE_DEBUG_INFO = NO;
				SDKROOT = iphoneos;
				SWIFT_COMPILATION_MODE = wholemodule;
				VALIDATE_PRODUCT = YES;
			};
			name = Release;
		};
		AA0000000000000000000003 /* Debug */ = {
			isa = XCBuildConfiguration;
			buildSettings = {
				ASSETCATALOG_COMPILER_APPICON_NAME = AppIcon;
				ASSETCATALOG_COMPILER_GLOBAL_ACCENT_COLOR_NAME = AccentColor;
				CODE_SIGN_STYLE = Automatic;
				CURRENT_PROJECT_VERSION = 1;
				DEVELOPMENT_TEAM = 4R84B35356;
				ENABLE_PREVIEWS = YES;
				GENERATE_INFOPLIST_FILE = NO;
				INFOPLIST_FILE = Drift/Info.plist;
				INFOPLIST_KEY_CFBundleDisplayName = Drift;
				INFOPLIST_KEY_UIApplicationSceneManifest_Generation = YES;
				LD_RUNPATH_SEARCH_PATHS = (
					"$(inherited)",
					"@executable_path/Frameworks",
				);
				MARKETING_VERSION = 1.0;
				PRODUCT_BUNDLE_IDENTIFIER = com.jihoonlee.drift;
				PRODUCT_NAME = "$(TARGET_NAME)";
				SUPPORTED_PLATFORMS = "iphoneos iphonesimulator";
				SUPPORTS_MACCATALYST = NO;
				SWIFT_EMIT_LOC_STRINGS = YES;
				SWIFT_VERSION = 5.0;
				TARGETED_DEVICE_FAMILY = 1;
			};
			name = Debug;
		};
		AA0000000000000000000004 /* Release */ = {
			isa = XCBuildConfiguration;
			buildSettings = {
				ASSETCATALOG_COMPILER_APPICON_NAME = AppIcon;
				ASSETCATALOG_COMPILER_GLOBAL_ACCENT_COLOR_NAME = AccentColor;
				CODE_SIGN_STYLE = Automatic;
				CURRENT_PROJECT_VERSION = 1;
				DEVELOPMENT_TEAM = 4R84B35356;
				ENABLE_PREVIEWS = YES;
				GENERATE_INFOPLIST_FILE = NO;
				INFOPLIST_FILE = Drift/Info.plist;
				INFOPLIST_KEY_CFBundleDisplayName = Drift;
				INFOPLIST_KEY_UIApplicationSceneManifest_Generation = YES;
				LD_RUNPATH_SEARCH_PATHS = (
					"$(inherited)",
					"@executable_path/Frameworks",
				);
				MARKETING_VERSION = 1.0;
				PRODUCT_BUNDLE_IDENTIFIER = com.jihoonlee.drift;
				PRODUCT_NAME = "$(TARGET_NAME)";
				SUPPORTED_PLATFORMS = "iphoneos iphonesimulator";
				SUPPORTS_MACCATALYST = NO;
				SWIFT_EMIT_LOC_STRINGS = YES;
				SWIFT_VERSION = 5.0;
				TARGETED_DEVICE_FAMILY = 1;
			};
			name = Release;
		};
		AA0000000000000000000005 /* Debug */ = {
			isa = XCBuildConfiguration;
			buildSettings = {
				BUNDLE_LOADER = "$(TEST_HOST)";
				CODE_SIGN_STYLE = Automatic;
				CURRENT_PROJECT_VERSION = 1;
				DEVELOPMENT_TEAM = 4R84B35356;
				GENERATE_INFOPLIST_FILE = YES;
				IPHONEOS_DEPLOYMENT_TARGET = 17.0;
				MARKETING_VERSION = 1.0;
				PRODUCT_BUNDLE_IDENTIFIER = com.jihoonlee.driftTests;
				PRODUCT_NAME = "$(TARGET_NAME)";
				SUPPORTED_PLATFORMS = "iphoneos iphonesimulator";
				SWIFT_VERSION = 5.0;
				TARGETED_DEVICE_FAMILY = 1;
				TEST_HOST = "$(BUILT_PRODUCTS_DIR)/Drift.app/$(BUNDLE_EXECUTABLE_FOLDER_PATH)/Drift";
			};
			name = Debug;
		};
		AA0000000000000000000006 /* Release */ = {
			isa = XCBuildConfiguration;
			buildSettings = {
				BUNDLE_LOADER = "$(TEST_HOST)";
				CODE_SIGN_STYLE = Automatic;
				CURRENT_PROJECT_VERSION = 1;
				DEVELOPMENT_TEAM = 4R84B35356;
				GENERATE_INFOPLIST_FILE = YES;
				IPHONEOS_DEPLOYMENT_TARGET = 17.0;
				MARKETING_VERSION = 1.0;
				PRODUCT_BUNDLE_IDENTIFIER = com.jihoonlee.driftTests;
				PRODUCT_NAME = "$(TARGET_NAME)";
				SUPPORTED_PLATFORMS = "iphoneos iphonesimulator";
				SWIFT_VERSION = 5.0;
				TARGETED_DEVICE_FAMILY = 1;
				TEST_HOST = "$(BUILT_PRODUCTS_DIR)/Drift.app/$(BUNDLE_EXECUTABLE_FOLDER_PATH)/Drift";
			};
			name = Release;
		};
/* End XCBuildConfiguration section */

/* Begin XCConfigurationList section */
		A80000000000000000000001 /* Build configuration list for PBXProject "Drift" */ = {
			isa = XCConfigurationList;
			buildConfigurations = (
				AA0000000000000000000001 /* Debug */,
				AA0000000000000000000002 /* Release */,
			);
			defaultConfigurationIsVisible = 0;
			defaultConfigurationName = Release;
		};
		A80000000000000000000003 /* Build configuration list for PBXNativeTarget "Drift" */ = {
			isa = XCConfigurationList;
			buildConfigurations = (
				AA0000000000000000000003 /* Debug */,
				AA0000000000000000000004 /* Release */,
			);
			defaultConfigurationIsVisible = 0;
			defaultConfigurationName = Release;
		};
		A80000000000000000000004 /* Build configuration list for PBXNativeTarget "DriftTests" */ = {
			isa = XCConfigurationList;
			buildConfigurations = (
				AA0000000000000000000005 /* Debug */,
				AA0000000000000000000006 /* Release */,
			);
			defaultConfigurationIsVisible = 0;
			defaultConfigurationName = Release;
		};
/* End XCConfigurationList section */
	};
	rootObject = A90000000000000000000001 /* Project object */;
}
